# THIS IS AN AUTOGENERATED FILE. DO NOT EDIT THIS FILE DIRECTLY.
# yarn lockfile v1


csv-parse@^4.16.3:
  version "4.16.3"
  resolved "https://registry.yarnpkg.com/csv-parse/-/csv-parse-4.16.3.tgz#7ca624d517212ebc520a36873c3478fa66efbaf7"
  integrity sha512-cO1I/zmz4w2dcKHVvpCr7JVRu8/FymG5OEpmvsZYlccYolPBLoVGKUHgNoc4ZGkFeFlWGEDmMyBM+TTqRdW/wg==

wkt@^0.1.1:
  version "0.1.1"
  resolved "https://registry.yarnpkg.com/wkt/-/wkt-0.1.1.tgz#8d3280cb0d7664343d8987a30c85806554618bf8"
  integrity sha512-2vtzYZOqN0VZdtDTMDUgbpXpE+MXRdsFTiCpS08FZ4yktT9pPylVMZaLxcIqT9pRkBp5FIAGVQyJ/kJa9b8uGg==
